
Microsoft Visual Studio Solution File, Format Version 12.00
# Visual Studio Version 17
VisualStudioVersion = 17.1.32113.165
MinimumVisualStudioVersion = 10.0.40219.1
Project("{FAE04EC0-301F-11D3-BF4B-00C04F79EFBC}") = "MVCModelBindingHomework", "MVCModelBindingHomework\MVCModelBindingHomework.csproj", "{3C221A77-81F8-4E53-82CF-D63DFCF70CCF}"
EndProject
Global
	GlobalSection(SolutionConfigurationPlatforms) = preSolution
		Debug|Any CPU = Debug|Any CPU
		Release|Any CPU = Release|Any CPU
	EndGlobalSection
	GlobalSection(ProjectConfigurationPlatforms) = postSolution
		{3C221A77-81F8-4E53-82CF-D63DFCF70CCF}.Debug|Any CPU.ActiveCfg = Debug|Any CPU
		{3C221A77-81F8-4E53-82CF-D63DFCF70CCF}.Debug|Any CPU.Build.0 = Debug|Any CPU
		{3C221A77-81F8-4E53-82CF-D63DFCF70CCF}.Release|Any CPU.ActiveCfg = Release|Any CPU
		{3C221A77-81F8-4E53-82CF-D63DFCF70CCF}.Release|Any CPU.Build.0 = Release|Any CPU
	EndGlobalSection
	GlobalSection(SolutionProperties) = preSolution
		HideSolutionNode = FALSE
	EndGlobalSection
	GlobalSection(ExtensibilityGlobals) = postSolution
		SolutionGuid = {69B560F9-0A9E-4EE0-8983-927ABDAB7A52}
	EndGlobalSection
EndGlobal
